
Microsoft Visual Studio Solution File, Format Version 12.00
# Visual Studio Version 16
VisualStudioVersion = 16.0.31729.503
MinimumVisualStudioVersion = 10.0.40219.1
Project("{8BC9CEB8-8B4A-11D0-8D11-00A0C91BC942}") = "8.3char", "8.3char\8.3char.vcxproj", "{80003B35-CEB6-4802-9F84-F88F0CF6BFF5}"
EndProject
Project("{8BC9CEB8-8B4A-11D0-8D11-00A0C91BC942}") = "ut 8.1char", "ut 8.1char\ut 8.1char.vcxproj", "{94C5C99F-AF3D-43EF-B0D8-8B6D340190C2}"
EndProject
Global
	GlobalSection(SolutionConfigurationPlatforms) = preSolution
		Debug|x64 = Debug|x64
		Debug|x86 = Debug|x86
		Release|x64 = Release|x64
		Release|x86 = Release|x86
	EndGlobalSection
	GlobalSection(ProjectConfigurationPlatforms) = postSolution
		{80003B35-CEB6-4802-9F84-F88F0CF6BFF5}.Debug|x64.ActiveCfg = Debug|x64
		{80003B35-CEB6-4802-9F84-F88F0CF6BFF5}.Debug|x64.Build.0 = Debug|x64
		{80003B35-CEB6-4802-9F84-F88F0CF6BFF5}.Debug|x86.ActiveCfg = Debug|Win32
		{80003B35-CEB6-4802-9F84-F88F0CF6BFF5}.Debug|x86.Build.0 = Debug|Win32
		{80003B35-CEB6-4802-9F84-F88F0CF6BFF5}.Release|x64.ActiveCfg = Release|x64
		{80003B35-CEB6-4802-9F84-F88F0CF6BFF5}.Release|x64.Build.0 = Release|x64
		{80003B35-CEB6-4802-9F84-F88F0CF6BFF5}.Release|x86.ActiveCfg = Release|Win32
		{80003B35-CEB6-4802-9F84-F88F0CF6BFF5}.Release|x86.Build.0 = Release|Win32
		{94C5C99F-AF3D-43EF-B0D8-8B6D340190C2}.Debug|x64.ActiveCfg = Debug|x64
		{94C5C99F-AF3D-43EF-B0D8-8B6D340190C2}.Debug|x64.Build.0 = Debug|x64
		{94C5C99F-AF3D-43EF-B0D8-8B6D340190C2}.Debug|x86.ActiveCfg = Debug|Win32
		{94C5C99F-AF3D-43EF-B0D8-8B6D340190C2}.Debug|x86.Build.0 = Debug|Win32
		{94C5C99F-AF3D-43EF-B0D8-8B6D340190C2}.Release|x64.ActiveCfg = Release|x64
		{94C5C99F-AF3D-43EF-B0D8-8B6D340190C2}.Release|x64.Build.0 = Release|x64
		{94C5C99F-AF3D-43EF-B0D8-8B6D340190C2}.Release|x86.ActiveCfg = Release|Win32
		{94C5C99F-AF3D-43EF-B0D8-8B6D340190C2}.Release|x86.Build.0 = Release|Win32
	EndGlobalSection
	GlobalSection(SolutionProperties) = preSolution
		HideSolutionNode = FALSE
	EndGlobalSection
	GlobalSection(ExtensibilityGlobals) = postSolution
		SolutionGuid = {EF2760AB-8D62-41E3-9951-428AA1D6AFB0}
	EndGlobalSection
EndGlobal
